
Microsoft Visual Studio Solution File, Format Version 12.00
# Visual Studio Version 17
VisualStudioVersion = 17.1.32407.343
MinimumVisualStudioVersion = 10.0.40219.1
Project("{FAE04EC0-301F-11D3-BF4B-00C04F79EFBC}") = "FlappyBird", "FlappyBird\FlappyBird.csproj", "{A9C13BFF-8BDE-4A0E-8088-555C23B08F14}"
EndProject
Global
	GlobalSection(SolutionConfigurationPlatforms) = preSolution
		Debug|Any CPU = Debug|Any CPU
		Release|Any CPU = Release|Any CPU
	EndGlobalSection
	GlobalSection(ProjectConfigurationPlatforms) = postSolution
		{A9C13BFF-8BDE-4A0E-8088-555C23B08F14}.Debug|Any CPU.ActiveCfg = Debug|Any CPU
		{A9C13BFF-8BDE-4A0E-8088-555C23B08F14}.Debug|Any CPU.Build.0 = Debug|Any CPU
		{A9C13BFF-8BDE-4A0E-8088-555C23B08F14}.Release|Any CPU.ActiveCfg = Release|Any CPU
		{A9C13BFF-8BDE-4A0E-8088-555C23B08F14}.Release|Any CPU.Build.0 = Release|Any CPU
	EndGlobalSection
	GlobalSection(SolutionProperties) = preSolution
		HideSolutionNode = FALSE
	EndGlobalSection
	GlobalSection(ExtensibilityGlobals) = postSolution
		SolutionGuid = {F99F689B-CED7-4067-9920-F9769FE84A39}
	EndGlobalSection
EndGlobal
